// !$*UTF8*$!
{
	archiveVersion = 1;
	classes = {
	};
	objectVersion = 48;
	objects = {

/* Begin PBXBuildFile section */
		23B6B72796DBD315FA1BCD1D /* Pods_MarketsData.framework in Frameworks */ = {isa = PBXBuildFile; fileRef = 03D42BD6FD88D74A33CC7136 /* Pods_MarketsData.framework */; };
		992C50DA9CD72DDDD558B362 /* Pods_MarketsDataUITests.framework in Frameworks */ = {isa = PBXBuildFile; fileRef = F8BD0403A2CC05FEA6DC7952 /* Pods_MarketsDataUITests.framework */; };
		9E20A4536CDF736196318943 /* Pods_MarketsDataTests.framework in Frameworks */ = {isa = PBXBuildFile; fileRef = AF59E27469ED130BAA2EF97E /* Pods_MarketsDataTests.framework */; };
		EE318F462007E44F002D75F9 /* DataCellView.swift in Sources */ = {isa = PBXBuildFile; fileRef = EE318F452007E44F002D75F9 /* DataCellView.swift */; };
		EE318F482007E752002D75F9 /* DataCellViewTests.swift in Sources */ = {isa = PBXBuildFile; fileRef = EE318F472007E752002D75F9 /* DataCellViewTests.swift */; };
		EE318F4A2008DF6B002D75F9 /* ItemsListsPresenterTests.swift in Sources */ = {isa = PBXBuildFile; fileRef = EE318F492008DF6B002D75F9 /* ItemsListsPresenterTests.swift */; };
		EE318F4C2008E02E002D75F9 /* ItemsListsViewTests.swift in Sources */ = {isa = PBXBuildFile; fileRef = EE318F4B2008E02E002D75F9 /* ItemsListsViewTests.swift */; };
		EE318F4E2008F710002D75F9 /* ItemsListsInteractorTests.swift in Sources */ = {isa = PBXBuildFile; fileRef = EE318F4D2008F710002D75F9 /* ItemsListsInteractorTests.swift */; };
		EE318F50200D0014002D75F9 /* ItemsListsAPIDataManagerTests.swift in Sources */ = {isa = PBXBuildFile; fileRef = EE318F4F200D0014002D75F9 /* ItemsListsAPIDataManagerTests.swift */; };
		EE318F53200D4357002D75F9 /* testdata.json in Resources */ = {isa = PBXBuildFile; fileRef = EE318F51200D4357002D75F9 /* testdata.json */; };
		EE318F55200D5503002D75F9 /* testfaildata.json in Resources */ = {isa = PBXBuildFile; fileRef = EE318F54200D5503002D75F9 /* testfaildata.json */; };
		EE318F59200FB634002D75F9 /* DataItem.swift in Sources */ = {isa = PBXBuildFile; fileRef = EE318F58200FB634002D75F9 /* DataItem.swift */; };
		EE318F6B201619EC002D75F9 /* SpecificItemProtocols.swift in Sources */ = {isa = PBXBuildFile; fileRef = EE318F5C201619EB002D75F9 /* SpecificItemProtocols.swift */; };
		EE318F6C201619EC002D75F9 /* SpecificItemView.swift in Sources */ = {isa = PBXBuildFile; fileRef = EE318F5E201619EB002D75F9 /* SpecificItemView.swift */; };
		EE318F6D201619EC002D75F9 /* SpecificItemLocalDataManager.swift in Sources */ = {isa = PBXBuildFile; fileRef = EE318F61201619EB002D75F9 /* SpecificItemLocalDataManager.swift */; };
		EE318F6E201619EC002D75F9 /* SpecificItemAPIDataManager.swift in Sources */ = {isa = PBXBuildFile; fileRef = EE318F63201619EB002D75F9 /* SpecificItemAPIDataManager.swift */; };
		EE318F6F201619EC002D75F9 /* SpecificItemPresenter.swift in Sources */ = {isa = PBXBuildFile; fileRef = EE318F65201619EC002D75F9 /* SpecificItemPresenter.swift */; };
		EE318F70201619EC002D75F9 /* SpecificItemWireFrame.swift in Sources */ = {isa = PBXBuildFile; fileRef = EE318F67201619EC002D75F9 /* SpecificItemWireFrame.swift */; };
		EE318F71201619EC002D75F9 /* SpecificItemItem.swift in Sources */ = {isa = PBXBuildFile; fileRef = EE318F69201619EC002D75F9 /* SpecificItemItem.swift */; };
		EE318F72201619EC002D75F9 /* SpecificItemInteractor.swift in Sources */ = {isa = PBXBuildFile; fileRef = EE318F6A201619EC002D75F9 /* SpecificItemInteractor.swift */; };
		EE712B6520078BE6003CE405 /* AppDelegate.swift in Sources */ = {isa = PBXBuildFile; fileRef = EE712B6420078BE6003CE405 /* AppDelegate.swift */; };
		EE712B6720078BE6003CE405 /* ViewController.swift in Sources */ = {isa = PBXBuildFile; fileRef = EE712B6620078BE6003CE405 /* ViewController.swift */; };
		EE712B6A20078BE6003CE405 /* Main.storyboard in Resources */ = {isa = PBXBuildFile; fileRef = EE712B6820078BE6003CE405 /* Main.storyboard */; };
		EE712B6D20078BE6003CE405 /* MarketsData.xcdatamodeld in Sources */ = {isa = PBXBuildFile; fileRef = EE712B6B20078BE6003CE405 /* MarketsData.xcdatamodeld */; };
		EE712B6F20078BE6003CE405 /* Assets.xcassets in Resources */ = {isa = PBXBuildFile; fileRef = EE712B6E20078BE6003CE405 /* Assets.xcassets */; };
		EE712B7220078BE6003CE405 /* LaunchScreen.storyboard in Resources */ = {isa = PBXBuildFile; fileRef = EE712B7020078BE6003CE405 /* LaunchScreen.storyboard */; };
		EE712B7D20078BE6003CE405 /* MarketsDataTests.swift in Sources */ = {isa = PBXBuildFile; fileRef = EE712B7C20078BE6003CE405 /* MarketsDataTests.swift */; };
		EE712B8820078BE6003CE405 /* MarketsDataUITests.swift in Sources */ = {isa = PBXBuildFile; fileRef = EE712B8720078BE6003CE405 /* MarketsDataUITests.swift */; };
		EE712B9D2007AADB003CE405 /* ItemsListProtocolTests.swift in Sources */ = {isa = PBXBuildFile; fileRef = EE712B9C2007AADB003CE405 /* ItemsListProtocolTests.swift */; };
		EE712BB22007AC40003CE405 /* ItemsListsLocalDataManager.swift in Sources */ = {isa = PBXBuildFile; fileRef = EE712BA42007AC40003CE405 /* ItemsListsLocalDataManager.swift */; };
		EE712BB32007AC40003CE405 /* ItemsListsAPIDataManager.swift in Sources */ = {isa = PBXBuildFile; fileRef = EE712BA62007AC40003CE405 /* ItemsListsAPIDataManager.swift */; };
		EE712BB42007AC40003CE405 /* ItemsListsPresenter.swift in Sources */ = {isa = PBXBuildFile; fileRef = EE712BA82007AC40003CE405 /* ItemsListsPresenter.swift */; };
		EE712BB52007AC40003CE405 /* ItemsListsWireFrame.swift in Sources */ = {isa = PBXBuildFile; fileRef = EE712BAA2007AC40003CE405 /* ItemsListsWireFrame.swift */; };
		EE712BB62007AC40003CE405 /* ItemsListsView.swift in Sources */ = {isa = PBXBuildFile; fileRef = EE712BAC2007AC40003CE405 /* ItemsListsView.swift */; };
		EE712BB72007AC40003CE405 /* ItemsListsProtocols.swift in Sources */ = {isa = PBXBuildFile; fileRef = EE712BAE2007AC40003CE405 /* ItemsListsProtocols.swift */; };
		EE712BB82007AC40003CE405 /* ItemsListsItem.swift in Sources */ = {isa = PBXBuildFile; fileRef = EE712BB02007AC40003CE405 /* ItemsListsItem.swift */; };
		EE712BB92007AC40003CE405 /* ItemsListsInteractor.swift in Sources */ = {isa = PBXBuildFile; fileRef = EE712BB12007AC40003CE405 /* ItemsListsInteractor.swift */; };
		EEEBA186201680BE00605794 /* ItemListsWireframeTests.swift in Sources */ = {isa = PBXBuildFile; fileRef = EEEBA185201680BE00605794 /* ItemListsWireframeTests.swift */; };
		EEEBA188201774C300605794 /* SpecificItemWireFrameTests.swift in Sources */ = {isa = PBXBuildFile; fileRef = EEEBA187201774C300605794 /* SpecificItemWireFrameTests.swift */; };
		EEEBA18A2018D38300605794 /* SpecificItemPresenterTests.swift in Sources */ = {isa = PBXBuildFile; fileRef = EEEBA1892018D38300605794 /* SpecificItemPresenterTests.swift */; };
		EEEBA18C2018D3A700605794 /* SpecificItemViewTests.swift in Sources */ = {isa = PBXBuildFile; fileRef = EEEBA18B2018D3A700605794 /* SpecificItemViewTests.swift */; };
/* End PBXBuildFile section */

/* Begin PBXContainerItemProxy section */
		EE712B7920078BE6003CE405 /* PBXContainerItemProxy */ = {
			isa = PBXContainerItemProxy;
			containerPortal = EE712B5920078BE5003CE405 /* Project object */;
			proxyType = 1;
			remoteGlobalIDString = EE712B6020078BE5003CE405;
			remoteInfo = MarketsData;
		};
		EE712B8420078BE6003CE405 /* PBXContainerItemProxy */ = {
			isa = PBXContainerItemProxy;
			containerPortal = EE712B5920078BE5003CE405 /* Project object */;
			proxyType = 1;
			remoteGlobalIDString = EE712B6020078BE5003CE405;
			remoteInfo = MarketsData;
		};
/* End PBXContainerItemProxy section */

/* Begin PBXFileReference section */
		03D42BD6FD88D74A33CC7136 /* Pods_MarketsData.framework */ = {isa = PBXFileReference; explicitFileType = wrapper.framework; includeInIndex = 0; path = Pods_MarketsData.framework; sourceTree = BUILT_PRODUCTS_DIR; };
		2006D984FCD96B32F75CB024 /* Pods-MarketsDataUITests.debug.xcconfig */ = {isa = PBXFileReference; includeInIndex = 1; lastKnownFileType = text.xcconfig; name = "Pods-MarketsDataUITests.debug.xcconfig"; path = "Pods/Target Support Files/Pods-MarketsDataUITests/Pods-MarketsDataUITests.debug.xcconfig"; sourceTree = "<group>"; };
		228114A80F0B8338FABB8061 /* Pods-MarketsData.debug.xcconfig */ = {isa = PBXFileReference; includeInIndex = 1; lastKnownFileType = text.xcconfig; name = "Pods-MarketsData.debug.xcconfig"; path = "Pods/Target Support Files/Pods-MarketsData/Pods-MarketsData.debug.xcconfig"; sourceTree = "<group>"; };
		4D6FBEF6BE56AB748583A907 /* Pods-MarketsDataTests.debug.xcconfig */ = {isa = PBXFileReference; includeInIndex = 1; lastKnownFileType = text.xcconfig; name = "Pods-MarketsDataTests.debug.xcconfig"; path = "Pods/Target Support Files/Pods-MarketsDataTests/Pods-MarketsDataTests.debug.xcconfig"; sourceTree = "<group>"; };
		95138D0DC709C904B4D704A9 /* Pods-MarketsDataTests.release.xcconfig */ = {isa = PBXFileReference; includeInIndex = 1; lastKnownFileType = text.xcconfig; name = "Pods-MarketsDataTests.release.xcconfig"; path = "Pods/Target Support Files/Pods-MarketsDataTests/Pods-MarketsDataTests.release.xcconfig"; sourceTree = "<group>"; };
		AF59E27469ED130BAA2EF97E /* Pods_MarketsDataTests.framework */ = {isa = PBXFileReference; explicitFileType = wrapper.framework; includeInIndex = 0; path = Pods_MarketsDataTests.framework; sourceTree = BUILT_PRODUCTS_DIR; };
		B497BF7768E20DD0508826BA /* Pods-MarketsData.release.xcconfig */ = {isa = PBXFileReference; includeInIndex = 1; lastKnownFileType = text.xcconfig; name = "Pods-MarketsData.release.xcconfig"; path = "Pods/Target Support Files/Pods-MarketsData/Pods-MarketsData.release.xcconfig"; sourceTree = "<group>"; };
		EE318F452007E44F002D75F9 /* DataCellView.swift */ = {isa = PBXFileReference; lastKnownFileType = sourcecode.swift; path = DataCellView.swift; sourceTree = "<group>"; };
		EE318F472007E752002D75F9 /* DataCellViewTests.swift */ = {isa = PBXFileReference; lastKnownFileType = sourcecode.swift; path = DataCellViewTests.swift; sourceTree = "<group>"; };
		EE318F492008DF6B002D75F9 /* ItemsListsPresenterTests.swift */ = {isa = PBXFileReference; lastKnownFileType = sourcecode.swift; path = ItemsListsPresenterTests.swift; sourceTree = "<group>"; };
		EE318F4B2008E02E002D75F9 /* ItemsListsViewTests.swift */ = {isa = PBXFileReference; lastKnownFileType = sourcecode.swift; path = ItemsListsViewTests.swift; sourceTree = "<group>"; };
		EE318F4D2008F710002D75F9 /* ItemsListsInteractorTests.swift */ = {isa = PBXFileReference; lastKnownFileType = sourcecode.swift; path = ItemsListsInteractorTests.swift; sourceTree = "<group>"; };
		EE318F4F200D0014002D75F9 /* ItemsListsAPIDataManagerTests.swift */ = {isa = PBXFileReference; lastKnownFileType = sourcecode.swift; path = ItemsListsAPIDataManagerTests.swift; sourceTree = "<group>"; };
		EE318F51200D4357002D75F9 /* testdata.json */ = {isa = PBXFileReference; fileEncoding = 4; lastKnownFileType = text.json; path = testdata.json; sourceTree = "<group>"; };
		EE318F54200D5503002D75F9 /* testfaildata.json */ = {isa = PBXFileReference; fileEncoding = 4; lastKnownFileType = text.json; path = testfaildata.json; sourceTree = "<group>"; };
		EE318F58200FB634002D75F9 /* DataItem.swift */ = {isa = PBXFileReference; lastKnownFileType = sourcecode.swift; path = DataItem.swift; sourceTree = "<group>"; };
		EE318F5C201619EB002D75F9 /* SpecificItemProtocols.swift */ = {isa = PBXFileReference; fileEncoding = 4; lastKnownFileType = sourcecode.swift; path = SpecificItemProtocols.swift; sourceTree = "<group>"; };
		EE318F5E201619EB002D75F9 /* SpecificItemView.swift */ = {isa = PBXFileReference; fileEncoding = 4; lastKnownFileType = sourcecode.swift; path = SpecificItemView.swift; sourceTree = "<group>"; };
		EE318F61201619EB002D75F9 /* SpecificItemLocalDataManager.swift */ = {isa = PBXFileReference; fileEncoding = 4; lastKnownFileType = sourcecode.swift; path = SpecificItemLocalDataManager.swift; sourceTree = "<group>"; };
		EE318F63201619EB002D75F9 /* SpecificItemAPIDataManager.swift */ = {isa = PBXFileReference; fileEncoding = 4; lastKnownFileType = sourcecode.swift; path = SpecificItemAPIDataManager.swift; sourceTree = "<group>"; };
		EE318F65201619EC002D75F9 /* SpecificItemPresenter.swift */ = {isa = PBXFileReference; fileEncoding = 4; lastKnownFileType = sourcecode.swift; path = SpecificItemPresenter.swift; sourceTree = "<group>"; };
		EE318F67201619EC002D75F9 /* SpecificItemWireFrame.swift */ = {isa = PBXFileReference; fileEncoding = 4; lastKnownFileType = sourcecode.swift; path = SpecificItemWireFrame.swift; sourceTree = "<group>"; };
		EE318F69201619EC002D75F9 /* SpecificItemItem.swift */ = {isa = PBXFileReference; fileEncoding = 4; lastKnownFileType = sourcecode.swift; path = SpecificItemItem.swift; sourceTree = "<group>"; };
		EE318F6A201619EC002D75F9 /* SpecificItemInteractor.swift */ = {isa = PBXFileReference; fileEncoding = 4; lastKnownFileType = sourcecode.swift; path = SpecificItemInteractor.swift; sourceTree = "<group>"; };
		EE712B6120078BE5003CE405 /* MarketsData.app */ = {isa = PBXFileReference; explicitFileType = wrapper.application; includeInIndex = 0; path = MarketsData.app; sourceTree = BUILT_PRODUCTS_DIR; };
		EE712B6420078BE6003CE405 /* AppDelegate.swift */ = {isa = PBXFileReference; lastKnownFileType = sourcecode.swift; path = AppDelegate.swift; sourceTree = "<group>"; };
		EE712B6620078BE6003CE405 /* ViewController.swift */ = {isa = PBXFileReference; lastKnownFileType = sourcecode.swift; path = ViewController.swift; sourceTree = "<group>"; };
		EE712B6920078BE6003CE405 /* Base */ = {isa = PBXFileReference; lastKnownFileType = file.storyboard; name = Base; path = Base.lproj/Main.storyboard; sourceTree = "<group>"; };
		EE712B6C20078BE6003CE405 /* MarketsData.xcdatamodel */ = {isa = PBXFileReference; lastKnownFileType = wrapper.xcdatamodel; path = MarketsData.xcdatamodel; sourceTree = "<group>"; };
		EE712B6E20078BE6003CE405 /* Assets.xcassets */ = {isa = PBXFileReference; lastKnownFileType = folder.assetcatalog; path = Assets.xcassets; sourceTree = "<group>"; };
		EE712B7120078BE6003CE405 /* Base */ = {isa = PBXFileReference; lastKnownFileType = file.storyboard; name = Base; path = Base.lproj/LaunchScreen.storyboard; sourceTree = "<group>"; };
		EE712B7320078BE6003CE405 /* Info.plist */ = {isa = PBXFileReference; lastKnownFileType = text.plist.xml; path = Info.plist; sourceTree = "<group>"; };
		EE712B7820078BE6003CE405 /* MarketsDataTests.xctest */ = {isa = PBXFileReference; explicitFileType = wrapper.cfbundle; includeInIndex = 0; path = MarketsDataTests.xctest; sourceTree = BUILT_PRODUCTS_DIR; };
		EE712B7C20078BE6003CE405 /* MarketsDataTests.swift */ = {isa = PBXFileReference; lastKnownFileType = sourcecode.swift; path = MarketsDataTests.swift; sourceTree = "<group>"; };
		EE712B7E20078BE6003CE405 /* Info.plist */ = {isa = PBXFileReference; lastKnownFileType = text.plist.xml; path = Info.plist; sourceTree = "<group>"; };
		EE712B8320078BE6003CE405 /* MarketsDataUITests.xctest */ = {isa = PBXFileReference; explicitFileType = wrapper.cfbundle; includeInIndex = 0; path = MarketsDataUITests.xctest; sourceTree = BUILT_PRODUCTS_DIR; };
		EE712B8720078BE6003CE405 /* MarketsDataUITests.swift */ = {isa = PBXFileReference; lastKnownFileType = sourcecode.swift; path = MarketsDataUITests.swift; sourceTree = "<group>"; };
		EE712B8920078BE6003CE405 /* Info.plist */ = {isa = PBXFileReference; lastKnownFileType = text.plist.xml; path = Info.plist; sourceTree = "<group>"; };
		EE712B9C2007AADB003CE405 /* ItemsListProtocolTests.swift */ = {isa = PBXFileReference; lastKnownFileType = sourcecode.swift; path = ItemsListProtocolTests.swift; sourceTree = "<group>"; };
		EE712BA42007AC40003CE405 /* ItemsListsLocalDataManager.swift */ = {isa = PBXFileReference; fileEncoding = 4; lastKnownFileType = sourcecode.swift; path = ItemsListsLocalDataManager.swift; sourceTree = "<group>"; };
		EE712BA62007AC40003CE405 /* ItemsListsAPIDataManager.swift */ = {isa = PBXFileReference; fileEncoding = 4; lastKnownFileType = sourcecode.swift; path = ItemsListsAPIDataManager.swift; sourceTree = "<group>"; };
		EE712BA82007AC40003CE405 /* ItemsListsPresenter.swift */ = {isa = PBXFileReference; fileEncoding = 4; lastKnownFileType = sourcecode.swift; path = ItemsListsPresenter.swift; sourceTree = "<group>"; };
		EE712BAA2007AC40003CE405 /* ItemsListsWireFrame.swift */ = {isa = PBXFileReference; fileEncoding = 4; lastKnownFileType = sourcecode.swift; path = ItemsListsWireFrame.swift; sourceTree = "<group>"; };
		EE712BAC2007AC40003CE405 /* ItemsListsView.swift */ = {isa = PBXFileReference; fileEncoding = 4; lastKnownFileType = sourcecode.swift; path = ItemsListsView.swift; sourceTree = "<group>"; };
		EE712BAE2007AC40003CE405 /* ItemsListsProtocols.swift */ = {isa = PBXFileReference; fileEncoding = 4; lastKnownFileType = sourcecode.swift; path = ItemsListsProtocols.swift; sourceTree = "<group>"; };
		EE712BB02007AC40003CE405 /* ItemsListsItem.swift */ = {isa = PBXFileReference; fileEncoding = 4; lastKnownFileType = sourcecode.swift; path = ItemsListsItem.swift; sourceTree = "<group>"; };
		EE712BB12007AC40003CE405 /* ItemsListsInteractor.swift */ = {isa = PBXFileReference; fileEncoding = 4; lastKnownFileType = sourcecode.swift; path = ItemsListsInteractor.swift; sourceTree = "<group>"; };
		EEEBA185201680BE00605794 /* ItemListsWireframeTests.swift */ = {isa = PBXFileReference; lastKnownFileType = sourcecode.swift; path = ItemListsWireframeTests.swift; sourceTree = "<group>"; };
		EEEBA187201774C300605794 /* SpecificItemWireFrameTests.swift */ = {isa = PBXFileReference; lastKnownFileType = sourcecode.swift; path = SpecificItemWireFrameTests.swift; sourceTree = "<group>"; };
		EEEBA1892018D38300605794 /* SpecificItemPresenterTests.swift */ = {isa = PBXFileReference; lastKnownFileType = sourcecode.swift; path = SpecificItemPresenterTests.swift; sourceTree = "<group>"; };
		EEEBA18B2018D3A700605794 /* SpecificItemViewTests.swift */ = {isa = PBXFileReference; lastKnownFileType = sourcecode.swift; path = SpecificItemViewTests.swift; sourceTree = "<group>"; };
		F23EAC9FBBEDD14991D8B071 /* Pods-MarketsDataUITests.release.xcconfig */ = {isa = PBXFileReference; includeInIndex = 1; lastKnownFileType = text.xcconfig; name = "Pods-MarketsDataUITests.release.xcconfig"; path = "Pods/Target Support Files/Pods-MarketsDataUITests/Pods-MarketsDataUITests.release.xcconfig"; sourceTree = "<group>"; };
		F8BD0403A2CC05FEA6DC7952 /* Pods_MarketsDataUITests.framework */ = {isa = PBXFileReference; explicitFileType = wrapper.framework; includeInIndex = 0; path = Pods_MarketsDataUITests.framework; sourceTree = BUILT_PRODUCTS_DIR; };
/* End PBXFileReference section */

/* Begin PBXFrameworksBuildPhase section */
		EE712B5E20078BE5003CE405 /* Frameworks */ = {
			isa = PBXFrameworksBuildPhase;
			buildActionMask = 2147483647;
			files = (
				23B6B72796DBD315FA1BCD1D /* Pods_MarketsData.framework in Frameworks */,
			);
			runOnlyForDeploymentPostprocessing = 0;
		};
		EE712B7520078BE6003CE405 /* Frameworks */ = {
			isa = PBXFrameworksBuildPhase;
			buildActionMask = 2147483647;
			files = (
				9E20A4536CDF736196318943 /* Pods_MarketsDataTests.framework in Frameworks */,
			);
			runOnlyForDeploymentPostprocessing = 0;
		};
		EE712B8020078BE6003CE405 /* Frameworks */ = {
			isa = PBXFrameworksBuildPhase;
			buildActionMask = 2147483647;
			files = (
				992C50DA9CD72DDDD558B362 /* Pods_MarketsDataUITests.framework in Frameworks */,
			);
			runOnlyForDeploymentPostprocessing = 0;
		};
/* End PBXFrameworksBuildPhase section */

/* Begin PBXGroup section */
		A26F965D2BA63DF544F79192 /* Pods */ = {
			isa = PBXGroup;
			children = (
				228114A80F0B8338FABB8061 /* Pods-MarketsData.debug.xcconfig */,
				B497BF7768E20DD0508826BA /* Pods-MarketsData.release.xcconfig */,
				4D6FBEF6BE56AB748583A907 /* Pods-MarketsDataTests.debug.xcconfig */,
				95138D0DC709C904B4D704A9 /* Pods-MarketsDataTests.release.xcconfig */,
				2006D984FCD96B32F75CB024 /* Pods-MarketsDataUITests.debug.xcconfig */,
				F23EAC9FBBEDD14991D8B071 /* Pods-MarketsDataUITests.release.xcconfig */,
			);
			name = Pods;
			sourceTree = "<group>";
		};
		DE60CCFE95B843954E8CA319 /* Frameworks */ = {
			isa = PBXGroup;
			children = (
				03D42BD6FD88D74A33CC7136 /* Pods_MarketsData.framework */,
				AF59E27469ED130BAA2EF97E /* Pods_MarketsDataTests.framework */,
				F8BD0403A2CC05FEA6DC7952 /* Pods_MarketsDataUITests.framework */,
			);
			name = Frameworks;
			sourceTree = "<group>";
		};
		EE318F57200FB594002D75F9 /* Entities */ = {
			isa = PBXGroup;
			children = (
				EE318F58200FB634002D75F9 /* DataItem.swift */,
			);
			path = Entities;
			sourceTree = "<group>";
		};
		EE318F5A20160D4A002D75F9 /* SpecificItem */ = {
			isa = PBXGroup;
			children = (
				EE318F5F201619EB002D75F9 /* DataManager */,
				EE318F68201619EC002D75F9 /* Interactor */,
				EE318F64201619EC002D75F9 /* Presenter */,
				EE318F5B201619EB002D75F9 /* Protocols */,
				EE318F5D201619EB002D75F9 /* View */,
				EE318F66201619EC002D75F9 /* WireFrame */,
			);
			path = SpecificItem;
			sourceTree = "<group>";
		};
		EE318F5B201619EB002D75F9 /* Protocols */ = {
			isa = PBXGroup;
			children = (
				EE318F5C201619EB002D75F9 /* SpecificItemProtocols.swift */,
			);
			path = Protocols;
			sourceTree = "<group>";
		};
		EE318F5D201619EB002D75F9 /* View */ = {
			isa = PBXGroup;
			children = (
				EE318F5E201619EB002D75F9 /* SpecificItemView.swift */,
			);
			path = View;
			sourceTree = "<group>";
		};
		EE318F5F201619EB002D75F9 /* DataManager */ = {
			isa = PBXGroup;
			children = (
				EE318F60201619EB002D75F9 /* Local */,
				EE318F62201619EB002D75F9 /* API */,
			);
			path = DataManager;
			sourceTree = "<group>";
		};
		EE318F60201619EB002D75F9 /* Local */ = {
			isa = PBXGroup;
			children = (
				EE318F61201619EB002D75F9 /* SpecificItemLocalDataManager.swift */,
			);
			path = Local;
			sourceTree = "<group>";
		};
		EE318F62201619EB002D75F9 /* API */ = {
			isa = PBXGroup;
			children = (
				EE318F63201619EB002D75F9 /* SpecificItemAPIDataManager.swift */,
			);
			path = API;
			sourceTree = "<group>";
		};
		EE318F64201619EC002D75F9 /* Presenter */ = {
			isa = PBXGroup;
			children = (
				EE318F65201619EC002D75F9 /* SpecificItemPresenter.swift */,
			);
			path = Presenter;
			sourceTree = "<group>";
		};
		EE318F66201619EC002D75F9 /* WireFrame */ = {
			isa = PBXGroup;
			children = (
				EE318F67201619EC002D75F9 /* SpecificItemWireFrame.swift */,
			);
			path = WireFrame;
			sourceTree = "<group>";
		};
		EE318F68201619EC002D75F9 /* Interactor */ = {
			isa = PBXGroup;
			children = (
				EE318F69201619EC002D75F9 /* SpecificItemItem.swift */,
				EE318F6A201619EC002D75F9 /* SpecificItemInteractor.swift */,
			);
			path = Interactor;
			sourceTree = "<group>";
		};
		EE712B5820078BE5003CE405 = {
			isa = PBXGroup;
			children = (
				EE712B6320078BE6003CE405 /* MarketsData */,
				EE712B7B20078BE6003CE405 /* MarketsDataTests */,
				EE712B8620078BE6003CE405 /* MarketsDataUITests */,
				EE712B6220078BE5003CE405 /* Products */,
				A26F965D2BA63DF544F79192 /* Pods */,
				DE60CCFE95B843954E8CA319 /* Frameworks */,
			);
			sourceTree = "<group>";
		};
		EE712B6220078BE5003CE405 /* Products */ = {
			isa = PBXGroup;
			children = (
				EE712B6120078BE5003CE405 /* MarketsData.app */,
				EE712B7820078BE6003CE405 /* MarketsDataTests.xctest */,
				EE712B8320078BE6003CE405 /* MarketsDataUITests.xctest */,
			);
			name = Products;
			sourceTree = "<group>";
		};
		EE712B6320078BE6003CE405 /* MarketsData */ = {
			isa = PBXGroup;
			children = (
				EE318F5A20160D4A002D75F9 /* SpecificItem */,
				EE712BA12007AC40003CE405 /* ItemsList */,
				EE712B6420078BE6003CE405 /* AppDelegate.swift */,
				EE712B6620078BE6003CE405 /* ViewController.swift */,
				EE712B6820078BE6003CE405 /* Main.storyboard */,
				EE712B6E20078BE6003CE405 /* Assets.xcassets */,
				EE712B7020078BE6003CE405 /* LaunchScreen.storyboard */,
				EE712B7320078BE6003CE405 /* Info.plist */,
				EE712B6B20078BE6003CE405 /* MarketsData.xcdatamodeld */,
			);
			path = MarketsData;
			sourceTree = "<group>";
		};
		EE712B7B20078BE6003CE405 /* MarketsDataTests */ = {
			isa = PBXGroup;
			children = (
				EE318F51200D4357002D75F9 /* testdata.json */,
				EE318F54200D5503002D75F9 /* testfaildata.json */,
				EE712B7C20078BE6003CE405 /* MarketsDataTests.swift */,
				EE712B7E20078BE6003CE405 /* Info.plist */,
				EE712B9C2007AADB003CE405 /* ItemsListProtocolTests.swift */,
				EE318F472007E752002D75F9 /* DataCellViewTests.swift */,
				EE318F492008DF6B002D75F9 /* ItemsListsPresenterTests.swift */,
				EE318F4B2008E02E002D75F9 /* ItemsListsViewTests.swift */,
				EE318F4D2008F710002D75F9 /* ItemsListsInteractorTests.swift */,
				EE318F4F200D0014002D75F9 /* ItemsListsAPIDataManagerTests.swift */,
				EEEBA185201680BE00605794 /* ItemListsWireframeTests.swift */,
				EEEBA187201774C300605794 /* SpecificItemWireFrameTests.swift */,
				EEEBA1892018D38300605794 /* SpecificItemPresenterTests.swift */,
				EEEBA18B2018D3A700605794 /* SpecificItemViewTests.swift */,
			);
			path = MarketsDataTests;
			sourceTree = "<group>";
		};
		EE712B8620078BE6003CE405 /* MarketsDataUITests */ = {
			isa = PBXGroup;
			children = (
				EE712B8720078BE6003CE405 /* MarketsDataUITests.swift */,
				EE712B8920078BE6003CE405 /* Info.plist */,
			);
			path = MarketsDataUITests;
			sourceTree = "<group>";
		};
		EE712BA12007AC40003CE405 /* ItemsList */ = {
			isa = PBXGroup;
			children = (
				EE318F57200FB594002D75F9 /* Entities */,
				EE712BA22007AC40003CE405 /* DataManager */,
				EE712BA72007AC40003CE405 /* Presenter */,
				EE712BA92007AC40003CE405 /* WireFrame */,
				EE712BAB2007AC40003CE405 /* View */,
				EE712BAD2007AC40003CE405 /* Protocols */,
				EE712BAF2007AC40003CE405 /* Interactor */,
			);
			path = ItemsList;
			sourceTree = "<group>";
		};
		EE712BA22007AC40003CE405 /* DataManager */ = {
			isa = PBXGroup;
			children = (
				EE712BA32007AC40003CE405 /* Local */,
				EE712BA52007AC40003CE405 /* API */,
			);
			path = DataManager;
			sourceTree = "<group>";
		};
		EE712BA32007AC40003CE405 /* Local */ = {
			isa = PBXGroup;
			children = (
				EE712BA42007AC40003CE405 /* ItemsListsLocalDataManager.swift */,
			);
			path = Local;
			sourceTree = "<group>";
		};
		EE712BA52007AC40003CE405 /* API */ = {
			isa = PBXGroup;
			children = (
				EE712BA62007AC40003CE405 /* ItemsListsAPIDataManager.swift */,
			);
			path = API;
			sourceTree = "<group>";
		};
		EE712BA72007AC40003CE405 /* Presenter */ = {
			isa = PBXGroup;
			children = (
				EE712BA82007AC40003CE405 /* ItemsListsPresenter.swift */,
			);
			path = Presenter;
			sourceTree = "<group>";
		};
		EE712BA92007AC40003CE405 /* WireFrame */ = {
			isa = PBXGroup;
			children = (
				EE712BAA2007AC40003CE405 /* ItemsListsWireFrame.swift */,
			);
			path = WireFrame;
			sourceTree = "<group>";
		};
		EE712BAB2007AC40003CE405 /* View */ = {
			isa = PBXGroup;
			children = (
				EE712BAC2007AC40003CE405 /* ItemsListsView.swift */,
				EE318F452007E44F002D75F9 /* DataCellView.swift */,
			);
			path = View;
			sourceTree = "<group>";
		};
		EE712BAD2007AC40003CE405 /* Protocols */ = {
			isa = PBXGroup;
			children = (
				EE712BAE2007AC40003CE405 /* ItemsListsProtocols.swift */,
			);
			path = Protocols;
			sourceTree = "<group>";
		};
		EE712BAF2007AC40003CE405 /* Interactor */ = {
			isa = PBXGroup;
			children = (
				EE712BB02007AC40003CE405 /* ItemsListsItem.swift */,
				EE712BB12007AC40003CE405 /* ItemsListsInteractor.swift */,
			);
			path = Interactor;
			sourceTree = "<group>";
		};
/* End PBXGroup section */

/* Begin PBXNativeTarget section */
		EE712B6020078BE5003CE405 /* MarketsData */ = {
			isa = PBXNativeTarget;
			buildConfigurationList = EE712B8C20078BE6003CE405 /* Build configuration list for PBXNativeTarget "MarketsData" */;
			buildPhases = (
				1C2819FEF01B30DC00EB0510 /* [CP] Check Pods Manifest.lock */,
				EE712B5D20078BE5003CE405 /* Sources */,
				EE712B5E20078BE5003CE405 /* Frameworks */,
				EE712B5F20078BE5003CE405 /* Resources */,
				8C8149F79A5CEF114E165D42 /* [CP] Embed Pods Frameworks */,
				6747CFACCF5717DB10B10D5E /* [CP] Copy Pods Resources */,
			);
			buildRules = (
			);
			dependencies = (
			);
			name = MarketsData;
			productName = MarketsData;
			productReference = EE712B6120078BE5003CE405 /* MarketsData.app */;
			productType = "com.apple.product-type.application";
		};
		EE712B7720078BE6003CE405 /* MarketsDataTests */ = {
			isa = PBXNativeTarget;
			buildConfigurationList = EE712B8F20078BE6003CE405 /* Build configuration list for PBXNativeTarget "MarketsDataTests" */;
			buildPhases = (
				3D2512409284FD75AFA31D31 /* [CP] Check Pods Manifest.lock */,
				EE712B7420078BE6003CE405 /* Sources */,
				EE712B7520078BE6003CE405 /* Frameworks */,
				EE712B7620078BE6003CE405 /* Resources */,
				7DE497AF9DF5B83C60B2AB22 /* [CP] Embed Pods Frameworks */,
				C73223CEC39445388A0A5D07 /* [CP] Copy Pods Resources */,
			);
			buildRules = (
			);
			dependencies = (
				EE712B7A20078BE6003CE405 /* PBXTargetDependency */,
			);
			name = MarketsDataTests;
			productName = MarketsDataTests;
			productReference = EE712B7820078BE6003CE405 /* MarketsDataTests.xctest */;
			productType = "com.apple.product-type.bundle.unit-test";
		};
		EE712B8220078BE6003CE405 /* MarketsDataUITests */ = {
			isa = PBXNativeTarget;
			buildConfigurationList = EE712B9220078BE6003CE405 /* Build configuration list for PBXNativeTarget "MarketsDataUITests" */;
			buildPhases = (
				A5B58DE74CEAEDDA139538C9 /* [CP] Check Pods Manifest.lock */,
				EE712B7F20078BE6003CE405 /* Sources */,
				EE712B8020078BE6003CE405 /* Frameworks */,
				EE712B8120078BE6003CE405 /* Resources */,
				7E100732B52D32282CFBF87B /* [CP] Embed Pods Frameworks */,
				BF476EE9BEABED89ADA24F72 /* [CP] Copy Pods Resources */,
			);
			buildRules = (
			);
			dependencies = (
				EE712B8520078BE6003CE405 /* PBXTargetDependency */,
			);
			name = MarketsDataUITests;
			productName = MarketsDataUITests;
			productReference = EE712B8320078BE6003CE405 /* MarketsDataUITests.xctest */;
			productType = "com.apple.product-type.bundle.ui-testing";
		};
/* End PBXNativeTarget section */

/* Begin PBXProject section */
		EE712B5920078BE5003CE405 /* Project object */ = {
			isa = PBXProject;
			attributes = {
				LastSwiftUpdateCheck = 0910;
				LastUpgradeCheck = 0910;
				ORGANIZATIONNAME = martinogg;
				TargetAttributes = {
					EE712B6020078BE5003CE405 = {
						CreatedOnToolsVersion = 9.1;
						ProvisioningStyle = Automatic;
					};
					EE712B7720078BE6003CE405 = {
						CreatedOnToolsVersion = 9.1;
						ProvisioningStyle = Automatic;
						TestTargetID = EE712B6020078BE5003CE405;
					};
					EE712B8220078BE6003CE405 = {
						CreatedOnToolsVersion = 9.1;
						ProvisioningStyle = Automatic;
						TestTargetID = EE712B6020078BE5003CE405;
					};
				};
			};
			buildConfigurationList = EE712B5C20078BE5003CE405 /* Build configuration list for PBXProject "MarketsData" */;
			compatibilityVersion = "Xcode 8.0";
			developmentRegion = en;
			hasScannedForEncodings = 0;
			knownRegions = (
				en,
				Base,
			);
			mainGroup = EE712B5820078BE5003CE405;
			productRefGroup = EE712B6220078BE5003CE405 /* Products */;
			projectDirPath = "";
			projectRoot = "";
			targets = (
				EE712B6020078BE5003CE405 /* MarketsData */,
				EE712B7720078BE6003CE405 /* MarketsDataTests */,
				EE712B8220078BE6003CE405 /* MarketsDataUITests */,
			);
		};
/* End PBXProject section */

/* Begin PBXResourcesBuildPhase section */
		EE712B5F20078BE5003CE405 /* Resources */ = {
			isa = PBXResourcesBuildPhase;
			buildActionMask = 2147483647;
			files = (
				EE712B7220078BE6003CE405 /* LaunchScreen.storyboard in Resources */,
				EE712B6F20078BE6003CE405 /* Assets.xcassets in Resources */,
				EE712B6A20078BE6003CE405 /* Main.storyboard in Resources */,
			);
			runOnlyForDeploymentPostprocessing = 0;
		};
		EE712B7620078BE6003CE405 /* Resources */ = {
			isa = PBXResourcesBuildPhase;
			buildActionMask = 2147483647;
			files = (
				EE318F53200D4357002D75F9 /* testdata.json in Resources */,
				EE318F55200D5503002D75F9 /* testfaildata.json in Resources */,
			);
			runOnlyForDeploymentPostprocessing = 0;
		};
		EE712B8120078BE6003CE405 /* Resources */ = {
			isa = PBXResourcesBuildPhase;
			buildActionMask = 2147483647;
			files = (
			);
			runOnlyForDeploymentPostprocessing = 0;
		};
/* End PBXResourcesBuildPhase section */

/* Begin PBXShellScriptBuildPhase section */
		1C2819FEF01B30DC00EB0510 /* [CP] Check Pods Manifest.lock */ = {
			isa = PBXShellScriptBuildPhase;
			buildActionMask = 2147483647;
			files = (
			);
			inputPaths = (
				"${PODS_PODFILE_DIR_PATH}/Podfile.lock",
				"${PODS_ROOT}/Manifest.lock",
			);
			name = "[CP] Check Pods Manifest.lock";
			outputPaths = (
				"$(DERIVED_FILE_DIR)/Pods-MarketsData-checkManifestLockResult.txt",
			);
			runOnlyForDeploymentPostprocessing = 0;
			shellPath = /bin/sh;
			shellScript = "diff \"${PODS_PODFILE_DIR_PATH}/Podfile.lock\" \"${PODS_ROOT}/Manifest.lock\" > /dev/null\nif [ $? != 0 ] ; then\n    # print error to STDERR\n    echo \"error: The sandbox is not in sync with the Podfile.lock. Run 'pod install' or update your CocoaPods installation.\" >&2\n    exit 1\nfi\n# This output is used by Xcode 'outputs' to avoid re-running this script phase.\necho \"SUCCESS\" > \"${SCRIPT_OUTPUT_FILE_0}\"\n";
			showEnvVarsInLog = 0;
		};
		3D2512409284FD75AFA31D31 /* [CP] Check Pods Manifest.lock */ = {
			isa = PBXShellScriptBuildPhase;
			buildActionMask = 2147483647;
			files = (
			);
			inputPaths = (
				"${PODS_PODFILE_DIR_PATH}/Podfile.lock",
				"${PODS_ROOT}/Manifest.lock",
			);
			name = "[CP] Check Pods Manifest.lock";
			outputPaths = (
				"$(DERIVED_FILE_DIR)/Pods-MarketsDataTests-checkManifestLockResult.txt",
			);
			runOnlyForDeploymentPostprocessing = 0;
			shellPath = /bin/sh;
			shellScript = "diff \"${PODS_PODFILE_DIR_PATH}/Podfile.lock\" \"${PODS_ROOT}/Manifest.lock\" > /dev/null\nif [ $? != 0 ] ; then\n    # print error to STDERR\n    echo \"error: The sandbox is not in sync with the Podfile.lock. Run 'pod install' or update your CocoaPods installation.\" >&2\n    exit 1\nfi\n# This output is used by Xcode 'outputs' to avoid re-running this script phase.\necho \"SUCCESS\" > \"${SCRIPT_OUTPUT_FILE_0}\"\n";
			showEnvVarsInLog = 0;
		};
		6747CFACCF5717DB10B10D5E /* [CP] Copy Pods Resources */ = {
			isa = PBXShellScriptBuildPhase;
			buildActionMask = 2147483647;
			files = (
			);
			inputPaths = (
			);
			name = "[CP] Copy Pods Resources";
			outputPaths = (
			);
			runOnlyForDeploymentPostprocessing = 0;
			shellPath = /bin/sh;
			shellScript = "\"${SRCROOT}/Pods/Target Support Files/Pods-MarketsData/Pods-MarketsData-resources.sh\"\n";
			showEnvVarsInLog = 0;
		};
		7DE497AF9DF5B83C60B2AB22 /* [CP] Embed Pods Frameworks */ = {
			isa = PBXShellScriptBuildPhase;
			buildActionMask = 2147483647;
			files = (
			);
			inputPaths = (
			);
			name = "[CP] Embed Pods Frameworks";
			outputPaths = (
			);
			runOnlyForDeploymentPostprocessing = 0;
			shellPath = /bin/sh;
			shellScript = "\"${SRCROOT}/Pods/Target Support Files/Pods-MarketsDataTests/Pods-MarketsDataTests-frameworks.sh\"\n";
			showEnvVarsInLog = 0;
		};
		7E100732B52D32282CFBF87B /* [CP] Embed Pods Frameworks */ = {
			isa = PBXShellScriptBuildPhase;
			buildActionMask = 2147483647;
			files = (
			);
			inputPaths = (
			);
			name = "[CP] Embed Pods Frameworks";
			outputPaths = (
			);
			runOnlyForDeploymentPostprocessing = 0;
			shellPath = /bin/sh;
			shellScript = "\"${SRCROOT}/Pods/Target Support Files/Pods-MarketsDataUITests/Pods-MarketsDataUITests-frameworks.sh\"\n";
			showEnvVarsInLog = 0;
		};
		8C8149F79A5CEF114E165D42 /* [CP] Embed Pods Frameworks */ = {
			isa = PBXShellScriptBuildPhase;
			buildActionMask = 2147483647;
			files = (
			);
			inputPaths = (
				"${SRCROOT}/Pods/Target Support Files/Pods-MarketsData/Pods-MarketsData-frameworks.sh",
				"${BUILT_PRODUCTS_DIR}/Alamofire/Alamofire.framework",
				"${BUILT_PRODUCTS_DIR}/AlamofireObjectMapper/AlamofireObjectMapper.framework",
				"${BUILT_PRODUCTS_DIR}/ObjectMapper/ObjectMapper.framework",
				"${BUILT_PRODUCTS_DIR}/PKHUD/PKHUD.framework",
			);
			name = "[CP] Embed Pods Frameworks";
			outputPaths = (
				"${TARGET_BUILD_DIR}/${FRAMEWORKS_FOLDER_PATH}/Alamofire.framework",
				"${TARGET_BUILD_DIR}/${FRAMEWORKS_FOLDER_PATH}/AlamofireObjectMapper.framework",
				"${TARGET_BUILD_DIR}/${FRAMEWORKS_FOLDER_PATH}/ObjectMapper.framework",
				"${TARGET_BUILD_DIR}/${FRAMEWORKS_FOLDER_PATH}/PKHUD.framework",
			);
			runOnlyForDeploymentPostprocessing = 0;
			shellPath = /bin/sh;
			shellScript = "\"${SRCROOT}/Pods/Target Support Files/Pods-MarketsData/Pods-MarketsData-frameworks.sh\"\n";
			showEnvVarsInLog = 0;
		};
		A5B58DE74CEAEDDA139538C9 /* [CP] Check Pods Manifest.lock */ = {
			isa = PBXShellScriptBuildPhase;
			buildActionMask = 2147483647;
			files = (
			);
			inputPaths = (
				"${PODS_PODFILE_DIR_PATH}/Podfile.lock",
				"${PODS_ROOT}/Manifest.lock",
			);
			name = "[CP] Check Pods Manifest.lock";
			outputPaths = (
				"$(DERIVED_FILE_DIR)/Pods-MarketsDataUITests-checkManifestLockResult.txt",
			);
			runOnlyForDeploymentPostprocessing = 0;
			shellPath = /bin/sh;
			shellScript = "diff \"${PODS_PODFILE_DIR_PATH}/Podfile.lock\" \"${PODS_ROOT}/Manifest.lock\" > /dev/null\nif [ $? != 0 ] ; then\n    # print error to STDERR\n    echo \"error: The sandbox is not in sync with the Podfile.lock. Run 'pod install' or update your CocoaPods installation.\" >&2\n    exit 1\nfi\n# This output is used by Xcode 'outputs' to avoid re-running this script phase.\necho \"SUCCESS\" > \"${SCRIPT_OUTPUT_FILE_0}\"\n";
			showEnvVarsInLog = 0;
		};
		BF476EE9BEABED89ADA24F72 /* [CP] Copy Pods Resources */ = {
			isa = PBXShellScriptBuildPhase;
			buildActionMask = 2147483647;
			files = (
			);
			inputPaths = (
			);
			name = "[CP] Copy Pods Resources";
			outputPaths = (
			);
			runOnlyForDeploymentPostprocessing = 0;
			shellPath = /bin/sh;
			shellScript = "\"${SRCROOT}/Pods/Target Support Files/Pods-MarketsDataUITests/Pods-MarketsDataUITests-resources.sh\"\n";
			showEnvVarsInLog = 0;
		};
		C73223CEC39445388A0A5D07 /* [CP] Copy Pods Resources */ = {
			isa = PBXShellScriptBuildPhase;
			buildActionMask = 2147483647;
			files = (
			);
			inputPaths = (
			);
			name = "[CP] Copy Pods Resources";
			outputPaths = (
			);
			runOnlyForDeploymentPostprocessing = 0;
			shellPath = /bin/sh;
			shellScript = "\"${SRCROOT}/Pods/Target Support Files/Pods-MarketsDataTests/Pods-MarketsDataTests-resources.sh\"\n";
			showEnvVarsInLog = 0;
		};
/* End PBXShellScriptBuildPhase section */

/* Begin PBXSourcesBuildPhase section */
		EE712B5D20078BE5003CE405 /* Sources */ = {
			isa = PBXSourcesBuildPhase;
			buildActionMask = 2147483647;
			files = (
				EE712BB32007AC40003CE405 /* ItemsListsAPIDataManager.swift in Sources */,
				EE712BB42007AC40003CE405 /* ItemsListsPresenter.swift in Sources */,
				EE712BB22007AC40003CE405 /* ItemsListsLocalDataManager.swift in Sources */,
				EE712BB62007AC40003CE405 /* ItemsListsView.swift in Sources */,
				EE318F6B201619EC002D75F9 /* SpecificItemProtocols.swift in Sources */,
				EE318F72201619EC002D75F9 /* SpecificItemInteractor.swift in Sources */,
				EE318F59200FB634002D75F9 /* DataItem.swift in Sources */,
				EE712BB92007AC40003CE405 /* ItemsListsInteractor.swift in Sources */,
				EE318F71201619EC002D75F9 /* SpecificItemItem.swift in Sources */,
				EE318F6F201619EC002D75F9 /* SpecificItemPresenter.swift in Sources */,
				EE712BB72007AC40003CE405 /* ItemsListsProtocols.swift in Sources */,
				EE318F462007E44F002D75F9 /* DataCellView.swift in Sources */,
				EE318F6E201619EC002D75F9 /* SpecificItemAPIDataManager.swift in Sources */,
				EE712B6720078BE6003CE405 /* ViewController.swift in Sources */,
				EE712B6520078BE6003CE405 /* AppDelegate.swift in Sources */,
				EE712BB82007AC40003CE405 /* ItemsListsItem.swift in Sources */,
				EE318F6D201619EC002D75F9 /* SpecificItemLocalDataManager.swift in Sources */,
				EE318F70201619EC002D75F9 /* SpecificItemWireFrame.swift in Sources */,
				EE712B6D20078BE6003CE405 /* MarketsData.xcdatamodeld in Sources */,
				EE712BB52007AC40003CE405 /* ItemsListsWireFrame.swift in Sources */,
				EE318F6C201619EC002D75F9 /* SpecificItemView.swift in Sources */,
			);
			runOnlyForDeploymentPostprocessing = 0;
		};
		EE712B7420078BE6003CE405 /* Sources */ = {
			isa = PBXSourcesBuildPhase;
			buildActionMask = 2147483647;
			files = (
				EE712B9D2007AADB003CE405 /* ItemsListProtocolTests.swift in Sources */,
				EE318F4E2008F710002D75F9 /* ItemsListsInteractorTests.swift in Sources */,
				EE318F4C2008E02E002D75F9 /* ItemsListsViewTests.swift in Sources */,
				EEEBA186201680BE00605794 /* ItemListsWireframeTests.swift in Sources */,
				EE318F50200D0014002D75F9 /* ItemsListsAPIDataManagerTests.swift in Sources */,
				EE318F4A2008DF6B002D75F9 /* ItemsListsPresenterTests.swift in Sources */,
				EEEBA18A2018D38300605794 /* SpecificItemPresenterTests.swift in Sources */,
				EEEBA188201774C300605794 /* SpecificItemWireFrameTests.swift in Sources */,
				EEEBA18C2018D3A700605794 /* SpecificItemViewTests.swift in Sources */,
				EE712B7D20078BE6003CE405 /* MarketsDataTests.swift in Sources */,
				EE318F482007E752002D75F9 /* DataCellViewTests.swift in Sources */,
			);
			runOnlyForDeploymentPostprocessing = 0;
		};
		EE712B7F20078BE6003CE405 /* Sources */ = {
			isa = PBXSourcesBuildPhase;
			buildActionMask = 2147483647;
			files = (
				EE712B8820078BE6003CE405 /* MarketsDataUITests.swift in Sources */,
			);
			runOnlyForDeploymentPostprocessing = 0;
		};
/* End PBXSourcesBuildPhase section */

/* Begin PBXTargetDependency section */
		EE712B7A20078BE6003CE405 /* PBXTargetDependency */ = {
			isa = PBXTargetDependency;
			target = EE712B6020078BE5003CE405 /* MarketsData */;
			targetProxy = EE712B7920078BE6003CE405 /* PBXContainerItemProxy */;
		};
		EE712B8520078BE6003CE405 /* PBXTargetDependency */ = {
			isa = PBXTargetDependency;
			target = EE712B6020078BE5003CE405 /* MarketsData */;
			targetProxy = EE712B8420078BE6003CE405 /* PBXContainerItemProxy */;
		};
/* End PBXTargetDependency section */

/* Begin PBXVariantGroup section */
		EE712B6820078BE6003CE405 /* Main.storyboard */ = {
			isa = PBXVariantGroup;
			children = (
				EE712B6920078BE6003CE405 /* Base */,
			);
			name = Main.storyboard;
			sourceTree = "<group>";
		};
		EE712B7020078BE6003CE405 /* LaunchScreen.storyboard */ = {
			isa = PBXVariantGroup;
			children = (
				EE712B7120078BE6003CE405 /* Base */,
			);
			name = LaunchScreen.storyboard;
			sourceTree = "<group>";
		};
/* End PBXVariantGroup section */

/* Begin XCBuildConfiguration section */
		EE712B8A20078BE6003CE405 /* Debug */ = {
			isa = XCBuildConfiguration;
			buildSettings = {
				ALWAYS_SEARCH_USER_PATHS = NO;
				CLANG_ANALYZER_NONNULL = YES;
				CLANG_ANALYZER_NUMBER_OBJECT_CONVERSION = YES_AGGRESSIVE;
				CLANG_CXX_LANGUAGE_STANDARD = "gnu++14";
				CLANG_CXX_LIBRARY = "libc++";
				CLANG_ENABLE_MODULES = YES;
				CLANG_ENABLE_OBJC_ARC = YES;
				CLANG_WARN_BLOCK_CAPTURE_AUTORELEASING = YES;
				CLANG_WARN_BOOL_CONVERSION = YES;
				CLANG_WARN_COMMA = YES;
				CLANG_WARN_CONSTANT_CONVERSION = YES;
				CLANG_WARN_DIRECT_OBJC_ISA_USAGE = YES_ERROR;
				CLANG_WARN_DOCUMENTATION_COMMENTS = YES;
				CLANG_WARN_EMPTY_BODY = YES;
				CLANG_WARN_ENUM_CONVERSION = YES;
				CLANG_WARN_INFINITE_RECURSION = YES;
				CLANG_WARN_INT_CONVERSION = YES;
				CLANG_WARN_NON_LITERAL_NULL_CONVERSION = YES;
				CLANG_WARN_OBJC_LITERAL_CONVERSION = YES;
				CLANG_WARN_OBJC_ROOT_CLASS = YES_ERROR;
				CLANG_WARN_RANGE_LOOP_ANALYSIS = YES;
				CLANG_WARN_STRICT_PROTOTYPES = YES;
				CLANG_WARN_SUSPICIOUS_MOVE = YES;
				CLANG_WARN_UNGUARDED_AVAILABILITY = YES_AGGRESSIVE;
				CLANG_WARN_UNREACHABLE_CODE = YES;
				CLANG_WARN__DUPLICATE_METHOD_MATCH = YES;
				CODE_SIGN_IDENTITY = "iPhone Developer";
				COPY_PHASE_STRIP = NO;
				DEBUG_INFORMATION_FORMAT = dwarf;
				ENABLE_STRICT_OBJC_MSGSEND = YES;
				ENABLE_TESTABILITY = YES;
				GCC_C_LANGUAGE_STANDARD = gnu11;
				GCC_DYNAMIC_NO_PIC = NO;
				GCC_NO_COMMON_BLOCKS = YES;
				GCC_OPTIMIZATION_LEVEL = 0;
				GCC_PREPROCESSOR_DEFINITIONS = (
					"DEBUG=1",
					"$(inherited)",
				);
				GCC_WARN_64_TO_32_BIT_CONVERSION = YES;
				GCC_WARN_ABOUT_RETURN_TYPE = YES_ERROR;
				GCC_WARN_UNDECLARED_SELECTOR = YES;
				GCC_WARN_UNINITIALIZED_AUTOS = YES_AGGRESSIVE;
				GCC_WARN_UNUSED_FUNCTION = YES;
				GCC_WARN_UNUSED_VARIABLE = YES;
				IPHONEOS_DEPLOYMENT_TARGET = 11.1;
				MTL_ENABLE_DEBUG_INFO = YES;
				ONLY_ACTIVE_ARCH = YES;
				SDKROOT = iphoneos;
				SWIFT_ACTIVE_COMPILATION_CONDITIONS = DEBUG;
				SWIFT_OPTIMIZATION_LEVEL = "-Onone";
			};
			name = Debug;
		};
		EE712B8B20078BE6003CE405 /* Release */ = {
			isa = XCBuildConfiguration;
			buildSettings = {
				ALWAYS_SEARCH_USER_PATHS = NO;
				CLANG_ANALYZER_NONNULL = YES;
				CLANG_ANALYZER_NUMBER_OBJECT_CONVERSION = YES_AGGRESSIVE;
				CLANG_CXX_LANGUAGE_STANDARD = "gnu++14";
				CLANG_CXX_LIBRARY = "libc++";
				CLANG_ENABLE_MODULES = YES;
				CLANG_ENABLE_OBJC_ARC = YES;
				CLANG_WARN_BLOCK_CAPTURE_AUTORELEASING = YES;
				CLANG_WARN_BOOL_CONVERSION = YES;
				CLANG_WARN_COMMA = YES;
				CLANG_WARN_CONSTANT_CONVERSION = YES;
				CLANG_WARN_DIRECT_OBJC_ISA_USAGE = YES_ERROR;
				CLANG_WARN_DOCUMENTATION_COMMENTS = YES;
				CLANG_WARN_EMPTY_BODY = YES;
				CLANG_WARN_ENUM_CONVERSION = YES;
				CLANG_WARN_INFINITE_RECURSION = YES;
				CLANG_WARN_INT_CONVERSION = YES;
				CLANG_WARN_NON_LITERAL_NULL_CONVERSION = YES;
				CLANG_WARN_OBJC_LITERAL_CONVERSION = YES;
				CLANG_WARN_OBJC_ROOT_CLASS = YES_ERROR;
				CLANG_WARN_RANGE_LOOP_ANALYSIS = YES;
				CLANG_WARN_STRICT_PROTOTYPES = YES;
				CLANG_WARN_SUSPICIOUS_MOVE = YES;
				CLANG_WARN_UNGUARDED_AVAILABILITY = YES_AGGRESSIVE;
				CLANG_WARN_UNREACHABLE_CODE = YES;
				CLANG_WARN__DUPLICATE_METHOD_MATCH = YES;
				CODE_SIGN_IDENTITY = "iPhone Developer";
				COPY_PHASE_STRIP = NO;
				DEBUG_INFORMATION_FORMAT = "dwarf-with-dsym";
				ENABLE_NS_ASSERTIONS = NO;
				ENABLE_STRICT_OBJC_MSGSEND = YES;
				GCC_C_LANGUAGE_STANDARD = gnu11;
				GCC_NO_COMMON_BLOCKS = YES;
				GCC_WARN_64_TO_32_BIT_CONVERSION = YES;
				GCC_WARN_ABOUT_RETURN_TYPE = YES_ERROR;
				GCC_WARN_UNDECLARED_SELECTOR = YES;
				GCC_WARN_UNINITIALIZED_AUTOS = YES_AGGRESSIVE;
				GCC_WARN_UNUSED_FUNCTION = YES;
				GCC_WARN_UNUSED_VARIABLE = YES;
				IPHONEOS_DEPLOYMENT_TARGET = 11.1;
				MTL_ENABLE_DEBUG_INFO = NO;
				SDKROOT = iphoneos;
				SWIFT_OPTIMIZATION_LEVEL = "-Owholemodule";
				VALIDATE_PRODUCT = YES;
			};
			name = Release;
		};
		EE712B8D20078BE6003CE405 /* Debug */ = {
			isa = XCBuildConfiguration;
			baseConfigurationReference = 228114A80F0B8338FABB8061 /* Pods-MarketsData.debug.xcconfig */;
			buildSettings = {
				ASSETCATALOG_COMPILER_APPICON_NAME = AppIcon;
				CODE_SIGN_STYLE = Automatic;
				INFOPLIST_FILE = MarketsData/Info.plist;
				LD_RUNPATH_SEARCH_PATHS = "$(inherited) @executable_path/Frameworks";
				PRODUCT_BUNDLE_IDENTIFIER = com.martinogg.MarketsData;
				PRODUCT_NAME = "$(TARGET_NAME)";
				SWIFT_VERSION = 4.0;
				TARGETED_DEVICE_FAMILY = "1,2";
			};
			name = Debug;
		};
		EE712B8E20078BE6003CE405 /* Release */ = {
			isa = XCBuildConfiguration;
			baseConfigurationReference = B497BF7768E20DD0508826BA /* Pods-MarketsData.release.xcconfig */;
			buildSettings = {
				ASSETCATALOG_COMPILER_APPICON_NAME = AppIcon;
				CODE_SIGN_STYLE = Automatic;
				INFOPLIST_FILE = MarketsData/Info.plist;
				LD_RUNPATH_SEARCH_PATHS = "$(inherited) @executable_path/Frameworks";
				PRODUCT_BUNDLE_IDENTIFIER = com.martinogg.MarketsData;
				PRODUCT_NAME = "$(TARGET_NAME)";
				SWIFT_VERSION = 4.0;
				TARGETED_DEVICE_FAMILY = "1,2";
			};
			name = Release;
		};
		EE712B9020078BE6003CE405 /* Debug */ = {
			isa = XCBuildConfiguration;
			baseConfigurationReference = 4D6FBEF6BE56AB748583A907 /* Pods-MarketsDataTests.debug.xcconfig */;
			buildSettings = {
				ALWAYS_EMBED_SWIFT_STANDARD_LIBRARIES = YES;
				BUNDLE_LOADER = "$(TEST_HOST)";
				CODE_SIGN_STYLE = Automatic;
				INFOPLIST_FILE = MarketsDataTests/Info.plist;
				LD_RUNPATH_SEARCH_PATHS = "$(inherited) @executable_path/Frameworks @loader_path/Frameworks";
				PRODUCT_BUNDLE_IDENTIFIER = com.martinogg.MarketsDataTests;
				PRODUCT_NAME = "$(TARGET_NAME)";
				SWIFT_VERSION = 4.0;
				TARGETED_DEVICE_FAMILY = "1,2";
				TEST_HOST = "$(BUILT_PRODUCTS_DIR)/MarketsData.app/MarketsData";
			};
			name = Debug;
		};
		EE712B9120078BE6003CE405 /* Release */ = {
			isa = XCBuildConfiguration;
			baseConfigurationReference = 95138D0DC709C904B4D704A9 /* Pods-MarketsDataTests.release.xcconfig */;
			buildSettings = {
				ALWAYS_EMBED_SWIFT_STANDARD_LIBRARIES = YES;
				BUNDLE_LOADER = "$(TEST_HOST)";
				CODE_SIGN_STYLE = Automatic;
				INFOPLIST_FILE = MarketsDataTests/Info.plist;
				LD_RUNPATH_SEARCH_PATHS = "$(inherited) @executable_path/Frameworks @loader_path/Frameworks";
				PRODUCT_BUNDLE_IDENTIFIER = com.martinogg.MarketsDataTests;
				PRODUCT_NAME = "$(TARGET_NAME)";
				SWIFT_VERSION = 4.0;
				TARGETED_DEVICE_FAMILY = "1,2";
				TEST_HOST = "$(BUILT_PRODUCTS_DIR)/MarketsData.app/MarketsData";
			};
			name = Release;
		};
		EE712B9320078BE6003CE405 /* Debug */ = {
			isa = XCBuildConfiguration;
			baseConfigurationReference = 2006D984FCD96B32F75CB024 /* Pods-MarketsDataUITests.debug.xcconfig */;
			buildSettings = {
				ALWAYS_EMBED_SWIFT_STANDARD_LIBRARIES = YES;
				CODE_SIGN_STYLE = Automatic;
				INFOPLIST_FILE = MarketsDataUITests/Info.plist;
				LD_RUNPATH_SEARCH_PATHS = "$(inherited) @executable_path/Frameworks @loader_path/Frameworks";
				PRODUCT_BUNDLE_IDENTIFIER = com.martinogg.MarketsDataUITests;
				PRODUCT_NAME = "$(TARGET_NAME)";
				SWIFT_VERSION = 4.0;
				TARGETED_DEVICE_FAMILY = "1,2";
				TEST_TARGET_NAME = MarketsData;
			};
			name = Debug;
		};
		EE712B9420078BE6003CE405 /* Release */ = {
			isa = XCBuildConfiguration;
			baseConfigurationReference = F23EAC9FBBEDD14991D8B071 /* Pods-MarketsDataUITests.release.xcconfig */;
			buildSettings = {
				ALWAYS_EMBED_SWIFT_STANDARD_LIBRARIES = YES;
				CODE_SIGN_STYLE = Automatic;
				INFOPLIST_FILE = MarketsDataUITests/Info.plist;
				LD_RUNPATH_SEARCH_PATHS = "$(inherited) @executable_path/Frameworks @loader_path/Frameworks";
				PRODUCT_BUNDLE_IDENTIFIER = com.martinogg.MarketsDataUITests;
				PRODUCT_NAME = "$(TARGET_NAME)";
				SWIFT_VERSION = 4.0;
				TARGETED_DEVICE_FAMILY = "1,2";
				TEST_TARGET_NAME = MarketsData;
			};
			name = Release;
		};
/* End XCBuildConfiguration section */

/* Begin XCConfigurationList section */
		EE712B5C20078BE5003CE405 /* Build configuration list for PBXProject "MarketsData" */ = {
			isa = XCConfigurationList;
			buildConfigurations = (
				EE712B8A20078BE6003CE405 /* Debug */,
				EE712B8B20078BE6003CE405 /* Release */,
			);
			defaultConfigurationIsVisible = 0;
			defaultConfigurationName = Release;
		};
		EE712B8C20078BE6003CE405 /* Build configuration list for PBXNativeTarget "MarketsData" */ = {
			isa = XCConfigurationList;
			buildConfigurations = (
				EE712B8D20078BE6003CE405 /* Debug */,
				EE712B8E20078BE6003CE405 /* Release */,
			);
			defaultConfigurationIsVisible = 0;
			defaultConfigurationName = Release;
		};
		EE712B8F20078BE6003CE405 /* Build configuration list for PBXNativeTarget "MarketsDataTests" */ = {
			isa = XCConfigurationList;
			buildConfigurations = (
				EE712B9020078BE6003CE405 /* Debug */,
				EE712B9120078BE6003CE405 /* Release */,
			);
			defaultConfigurationIsVisible = 0;
			defaultConfigurationName = Release;
		};
		EE712B9220078BE6003CE405 /* Build configuration list for PBXNativeTarget "MarketsDataUITests" */ = {
			isa = XCConfigurationList;
			buildConfigurations = (
				EE712B9320078BE6003CE405 /* Debug */,
				EE712B9420078BE6003CE405 /* Release */,
			);
			defaultConfigurationIsVisible = 0;
			defaultConfigurationName = Release;
		};
/* End XCConfigurationList section */

/* Begin XCVersionGroup section */
		EE712B6B20078BE6003CE405 /* MarketsData.xcdatamodeld */ = {
			isa = XCVersionGroup;
			children = (
				EE712B6C20078BE6003CE405 /* MarketsData.xcdatamodel */,
			);
			currentVersion = EE712B6C20078BE6003CE405 /* MarketsData.xcdatamodel */;
			path = MarketsData.xcdatamodeld;
			sourceTree = "<group>";
			versionGroupType = wrapper.xcdatamodel;
		};
/* End XCVersionGroup section */
	};
	rootObject = EE712B5920078BE5003CE405 /* Project object */;
}
